
Microsoft Visual Studio Solution File, Format Version 12.00
# Visual Studio 15
VisualStudioVersion = 15.0.28307.852
MinimumVisualStudioVersion = 10.0.40219.1
Project("{FAE04EC0-301F-11D3-BF4B-00C04F79EFBC}") = "DatingAppBackend", "DatingAppBackend\DatingAppBackend.csproj", "{68F19BB6-B7C7-412D-8673-84B536E4C004}"
EndProject
Global
	GlobalSection(SolutionConfigurationPlatforms) = preSolution
		Debug|Any CPU = Debug|Any CPU
		Release|Any CPU = Release|Any CPU
	EndGlobalSection
	GlobalSection(ProjectConfigurationPlatforms) = postSolution
		{68F19BB6-B7C7-412D-8673-84B536E4C004}.Debug|Any CPU.ActiveCfg = Debug|Any CPU
		{68F19BB6-B7C7-412D-8673-84B536E4C004}.Debug|Any CPU.Build.0 = Debug|Any CPU
		{68F19BB6-B7C7-412D-8673-84B536E4C004}.Release|Any CPU.ActiveCfg = Release|Any CPU
		{68F19BB6-B7C7-412D-8673-84B536E4C004}.Release|Any CPU.Build.0 = Release|Any CPU
	EndGlobalSection
	GlobalSection(SolutionProperties) = preSolution
		HideSolutionNode = FALSE
	EndGlobalSection
	GlobalSection(ExtensibilityGlobals) = postSolution
		SolutionGuid = {F458E842-460F-439A-BB8C-20507EB3A681}
	EndGlobalSection
EndGlobal
